// !$*UTF8*$!
{
	archiveVersion = 1;
	classes = {
	};
	objectVersion = 56;
	objects = {

/* Begin PBXBuildFile section */
		0FE02D9929F17EB2000C3596 /* AppDelegate.swift in Sources */ = {isa = PBXBuildFile; fileRef = 0FE02D9829F17EB2000C3596 /* AppDelegate.swift */; };
		0FE02D9B29F17EB2000C3596 /* SceneDelegate.swift in Sources */ = {isa = PBXBuildFile; fileRef = 0FE02D9A29F17EB2000C3596 /* SceneDelegate.swift */; };
		0FE02D9D29F17EB2000C3596 /* DogViewController.swift in Sources */ = {isa = PBXBuildFile; fileRef = 0FE02D9C29F17EB2000C3596 /* DogViewController.swift */; };
		0FE02DA029F17EB2000C3596 /* Main.storyboard in Resources */ = {isa = PBXBuildFile; fileRef = 0FE02D9E29F17EB2000C3596 /* Main.storyboard */; };
		0FE02DA229F17EB3000C3596 /* Assets.xcassets in Resources */ = {isa = PBXBuildFile; fileRef = 0FE02DA129F17EB3000C3596 /* Assets.xcassets */; };
		0FE02DA529F17EB3000C3596 /* LaunchScreen.storyboard in Resources */ = {isa = PBXBuildFile; fileRef = 0FE02DA329F17EB3000C3596 /* LaunchScreen.storyboard */; };
		0FE02DAD29F18443000C3596 /* RepresentativeCell.swift in Sources */ = {isa = PBXBuildFile; fileRef = 0FE02DAC29F18443000C3596 /* RepresentativeCell.swift */; };
		0FE02DB129F1854C000C3596 /* RepresentativeViewController.swift in Sources */ = {isa = PBXBuildFile; fileRef = 0FE02DB029F1854C000C3596 /* RepresentativeViewController.swift */; };
		0FE02DB329F19265000C3596 /* Representative.swift in Sources */ = {isa = PBXBuildFile; fileRef = 0FE02DB229F19265000C3596 /* Representative.swift */; };
		0FE02DB729F6C313000C3596 /* DogStruct.swift in Sources */ = {isa = PBXBuildFile; fileRef = 0FE02DB629F6C313000C3596 /* DogStruct.swift */; };
		0FE02DB929F6CC36000C3596 /* DogController.swift in Sources */ = {isa = PBXBuildFile; fileRef = 0FE02DB829F6CC36000C3596 /* DogController.swift */; };
/* End PBXBuildFile section */

/* Begin PBXFileReference section */
		0FE02D9529F17EB2000C3596 /* ApiProject.app */ = {isa = PBXFileReference; explicitFileType = wrapper.application; includeInIndex = 0; path = ApiProject.app; sourceTree = BUILT_PRODUCTS_DIR; };
		0FE02D9829F17EB2000C3596 /* AppDelegate.swift */ = {isa = PBXFileReference; lastKnownFileType = sourcecode.swift; path = AppDelegate.swift; sourceTree = "<group>"; };
		0FE02D9A29F17EB2000C3596 /* SceneDelegate.swift */ = {isa = PBXFileReference; lastKnownFileType = sourcecode.swift; path = SceneDelegate.swift; sourceTree = "<group>"; };
		0FE02D9C29F17EB2000C3596 /* DogViewController.swift */ = {isa = PBXFileReference; lastKnownFileType = sourcecode.swift; path = DogViewController.swift; sourceTree = "<group>"; };
		0FE02D9F29F17EB2000C3596 /* Base */ = {isa = PBXFileReference; lastKnownFileType = file.storyboard; name = Base; path = Base.lproj/Main.storyboard; sourceTree = "<group>"; };
		0FE02DA129F17EB3000C3596 /* Assets.xcassets */ = {isa = PBXFileReference; lastKnownFileType = folder.assetcatalog; path = Assets.xcassets; sourceTree = "<group>"; };
		0FE02DA429F17EB3000C3596 /* Base */ = {isa = PBXFileReference; lastKnownFileType = file.storyboard; name = Base; path = Base.lproj/LaunchScreen.storyboard; sourceTree = "<group>"; };
		0FE02DA629F17EB3000C3596 /* Info.plist */ = {isa = PBXFileReference; lastKnownFileType = text.plist.xml; path = Info.plist; sourceTree = "<group>"; };
		0FE02DAC29F18443000C3596 /* RepresentativeCell.swift */ = {isa = PBXFileReference; lastKnownFileType = sourcecode.swift; path = RepresentativeCell.swift; sourceTree = "<group>"; };
		0FE02DB029F1854C000C3596 /* RepresentativeViewController.swift */ = {isa = PBXFileReference; lastKnownFileType = sourcecode.swift; path = RepresentativeViewController.swift; sourceTree = "<group>"; };
		0FE02DB229F19265000C3596 /* Representative.swift */ = {isa = PBXFileReference; lastKnownFileType = sourcecode.swift; path = Representative.swift; sourceTree = "<group>"; };
		0FE02DB629F6C313000C3596 /* DogStruct.swift */ = {isa = PBXFileReference; lastKnownFileType = sourcecode.swift; path = DogStruct.swift; sourceTree = "<group>"; };
		0FE02DB829F6CC36000C3596 /* DogController.swift */ = {isa = PBXFileReference; lastKnownFileType = sourcecode.swift; path = DogController.swift; sourceTree = "<group>"; };
/* End PBXFileReference section */

/* Begin PBXFrameworksBuildPhase section */
		0FE02D9229F17EB2000C3596 /* Frameworks */ = {
			isa = PBXFrameworksBuildPhase;
			buildActionMask = 2147483647;
			files = (
			);
			runOnlyForDeploymentPostprocessing = 0;
		};
/* End PBXFrameworksBuildPhase section */

/* Begin PBXGroup section */
		0FE02D8C29F17EB2000C3596 = {
			isa = PBXGroup;
			children = (
				0FE02D9729F17EB2000C3596 /* ApiProject */,
				0FE02D9629F17EB2000C3596 /* Products */,
			);
			sourceTree = "<group>";
		};
		0FE02D9629F17EB2000C3596 /* Products */ = {
			isa = PBXGroup;
			children = (
				0FE02D9529F17EB2000C3596 /* ApiProject.app */,
			);
			name = Products;
			sourceTree = "<group>";
		};
		0FE02D9729F17EB2000C3596 /* ApiProject */ = {
			isa = PBXGroup;
			children = (
				0FE02D9829F17EB2000C3596 /* AppDelegate.swift */,
				0FE02D9A29F17EB2000C3596 /* SceneDelegate.swift */,
				0FE02DAC29F18443000C3596 /* RepresentativeCell.swift */,
				0FE02DB029F1854C000C3596 /* RepresentativeViewController.swift */,
				0FE02D9C29F17EB2000C3596 /* DogViewController.swift */,
				0FE02DB829F6CC36000C3596 /* DogController.swift */,
				0FE02DB629F6C313000C3596 /* DogStruct.swift */,
				0FE02DB229F19265000C3596 /* Representative.swift */,
				0FE02D9E29F17EB2000C3596 /* Main.storyboard */,
				0FE02DA329F17EB3000C3596 /* LaunchScreen.storyboard */,
				0FE02DA129F17EB3000C3596 /* Assets.xcassets */,
				0FE02DA629F17EB3000C3596 /* Info.plist */,
			);
			path = ApiProject;
			sourceTree = "<group>";
		};
/* End PBXGroup section */

/* Begin PBXNativeTarget section */
		0FE02D9429F17EB2000C3596 /* ApiProject */ = {
			isa = PBXNativeTarget;
			buildConfigurationList = 0FE02DA929F17EB3000C3596 /* Build configuration list for PBXNativeTarget "ApiProject" */;
			buildPhases = (
				0FE02D9129F17EB2000C3596 /* Sources */,
				0FE02D9229F17EB2000C3596 /* Frameworks */,
				0FE02D9329F17EB2000C3596 /* Resources */,
			);
			buildRules = (
			);
			dependencies = (
			);
			name = ApiProject;
			productName = ApiProject;
			productReference = 0FE02D9529F17EB2000C3596 /* ApiProject.app */;
			productType = "com.apple.product-type.application";
		};
/* End PBXNativeTarget section */

/* Begin PBXProject section */
		0FE02D8D29F17EB2000C3596 /* Project object */ = {
			isa = PBXProject;
			attributes = {
				BuildIndependentTargetsInParallel = 1;
				LastSwiftUpdateCheck = 1430;
				LastUpgradeCheck = 1430;
				TargetAttributes = {
					0FE02D9429F17EB2000C3596 = {
						CreatedOnToolsVersion = 14.3;
					};
				};
			};
			buildConfigurationList = 0FE02D9029F17EB2000C3596 /* Build configuration list for PBXProject "ApiProject" */;
			compatibilityVersion = "Xcode 14.0";
			developmentRegion = en;
			hasScannedForEncodings = 0;
			knownRegions = (
				en,
				Base,
			);
			mainGroup = 0FE02D8C29F17EB2000C3596;
			productRefGroup = 0FE02D9629F17EB2000C3596 /* Products */;
			projectDirPath = "";
			projectRoot = "";
			targets = (
				0FE02D9429F17EB2000C3596 /* ApiProject */,
			);
		};
/* End PBXProject section */

/* Begin PBXResourcesBuildPhase section */
		0FE02D9329F17EB2000C3596 /* Resources */ = {
			isa = PBXResourcesBuildPhase;
			buildActionMask = 2147483647;
			files = (
				0FE02DA529F17EB3000C3596 /* LaunchScreen.storyboard in Resources */,
				0FE02DA229F17EB3000C3596 /* Assets.xcassets in Resources */,
				0FE02DA029F17EB2000C3596 /* Main.storyboard in Resources */,
			);
			runOnlyForDeploymentPostprocessing = 0;
		};
/* End PBXResourcesBuildPhase section */

/* Begin PBXSourcesBuildPhase section */
		0FE02D9129F17EB2000C3596 /* Sources */ = {
			isa = PBXSourcesBuildPhase;
			buildActionMask = 2147483647;
			files = (
				0FE02DAD29F18443000C3596 /* RepresentativeCell.swift in Sources */,
				0FE02DB729F6C313000C3596 /* DogStruct.swift in Sources */,
				0FE02D9D29F17EB2000C3596 /* DogViewController.swift in Sources */,
				0FE02DB329F19265000C3596 /* Representative.swift in Sources */,
				0FE02DB929F6CC36000C3596 /* DogController.swift in Sources */,
				0FE02DB129F1854C000C3596 /* RepresentativeViewController.swift in Sources */,
				0FE02D9929F17EB2000C3596 /* AppDelegate.swift in Sources */,
				0FE02D9B29F17EB2000C3596 /* SceneDelegate.swift in Sources */,
			);
			runOnlyForDeploymentPostprocessing = 0;
		};
/* End PBXSourcesBuildPhase section */

/* Begin PBXVariantGroup section */
		0FE02D9E29F17EB2000C3596 /* Main.storyboard */ = {
			isa = PBXVariantGroup;
			children = (
				0FE02D9F29F17EB2000C3596 /* Base */,
			);
			name = Main.storyboard;
			sourceTree = "<group>";
		};
		0FE02DA329F17EB3000C3596 /* LaunchScreen.storyboard */ = {
			isa = PBXVariantGroup;
			children = (
				0FE02DA429F17EB3000C3596 /* Base */,
			);
			name = LaunchScreen.storyboard;
			sourceTree = "<group>";
		};
/* End PBXVariantGroup section */

/* Begin XCBuildConfiguration section */
		0FE02DA729F17EB3000C3596 /* Debug */ = {
			isa = XCBuildConfiguration;
			buildSettings = {
				ALWAYS_SEARCH_USER_PATHS = NO;
				CLANG_ANALYZER_NONNULL = YES;
				CLANG_ANALYZER_NUMBER_OBJECT_CONVERSION = YES_AGGRESSIVE;
				CLANG_CXX_LANGUAGE_STANDARD = "gnu++20";
				CLANG_ENABLE_MODULES = YES;
				CLANG_ENABLE_OBJC_ARC = YES;
				CLANG_ENABLE_OBJC_WEAK = YES;
				CLANG_WARN_BLOCK_CAPTURE_AUTORELEASING = YES;
				CLANG_WARN_BOOL_CONVERSION = YES;
				CLANG_WARN_COMMA = YES;
				CLANG_WARN_CONSTANT_CONVERSION = YES;
				CLANG_WARN_DEPRECATED_OBJC_IMPLEMENTATIONS = YES;
				CLANG_WARN_DIRECT_OBJC_ISA_USAGE = YES_ERROR;
				CLANG_WARN_DOCUMENTATION_COMMENTS = YES;
				CLANG_WARN_EMPTY_BODY = YES;
				CLANG_WARN_ENUM_CONVERSION = YES;
				CLANG_WARN_INFINITE_RECURSION = YES;
				CLANG_WARN_INT_CONVERSION = YES;
				CLANG_WARN_NON_LITERAL_NULL_CONVERSION = YES;
				CLANG_WARN_OBJC_IMPLICIT_RETAIN_SELF = YES;
				CLANG_WARN_OBJC_LITERAL_CONVERSION = YES;
				CLANG_WARN_OBJC_ROOT_CLASS = YES_ERROR;
				CLANG_WARN_QUOTED_INCLUDE_IN_FRAMEWORK_HEADER = YES;
				CLANG_WARN_RANGE_LOOP_ANALYSIS = YES;
				CLANG_WARN_STRICT_PROTOTYPES = YES;
				CLANG_WARN_SUSPICIOUS_MOVE = YES;
				CLANG_WARN_UNGUARDED_AVAILABILITY = YES_AGGRESSIVE;
				CLANG_WARN_UNREACHABLE_CODE = YES;
				CLANG_WARN__DUPLICATE_METHOD_MATCH = YES;
				COPY_PHASE_STRIP = NO;
				DEBUG_INFORMATION_FORMAT = dwarf;
				ENABLE_STRICT_OBJC_MSGSEND = YES;
				ENABLE_TESTABILITY = YES;
				GCC_C_LANGUAGE_STANDARD = gnu11;
				GCC_DYNAMIC_NO_PIC = NO;
				GCC_NO_COMMON_BLOCKS = YES;
				GCC_OPTIMIZATION_LEVEL = 0;
				GCC_PREPROCESSOR_DEFINITIONS = (
					"DEBUG=1",
					"$(inherited)",
				);
				GCC_WARN_64_TO_32_BIT_CONVERSION = YES;
				GCC_WARN_ABOUT_RETURN_TYPE = YES_ERROR;
				GCC_WARN_UNDECLARED_SELECTOR = YES;
				GCC_WARN_UNINITIALIZED_AUTOS = YES_AGGRESSIVE;
				GCC_WARN_UNUSED_FUNCTION = YES;
				GCC_WARN_UNUSED_VARIABLE = YES;
				IPHONEOS_DEPLOYMENT_TARGET = 16.4;
				MTL_ENABLE_DEBUG_INFO = INCLUDE_SOURCE;
				MTL_FAST_MATH = YES;
				ONLY_ACTIVE_ARCH = YES;
				SDKROOT = iphoneos;
				SWIFT_ACTIVE_COMPILATION_CONDITIONS = DEBUG;
				SWIFT_OPTIMIZATION_LEVEL = "-Onone";
			};
			name = Debug;
		};
		0FE02DA829F17EB3000C3596 /* Release */ = {
			isa = XCBuildConfiguration;
			buildSettings = {
				ALWAYS_SEARCH_USER_PATHS = NO;
				CLANG_ANALYZER_NONNULL = YES;
				CLANG_ANALYZER_NUMBER_OBJECT_CONVERSION = YES_AGGRESSIVE;
				CLANG_CXX_LANGUAGE_STANDARD = "gnu++20";
				CLANG_ENABLE_MODULES = YES;
				CLANG_ENABLE_OBJC_ARC = YES;
				CLANG_ENABLE_OBJC_WEAK = YES;
				CLANG_WARN_BLOCK_CAPTURE_AUTORELEASING = YES;
				CLANG_WARN_BOOL_CONVERSION = YES;
				CLANG_WARN_COMMA = YES;
				CLANG_WARN_CONSTANT_CONVERSION = YES;
				CLANG_WARN_DEPRECATED_OBJC_IMPLEMENTATIONS = YES;
				CLANG_WARN_DIRECT_OBJC_ISA_USAGE = YES_ERROR;
				CLANG_WARN_DOCUMENTATION_COMMENTS = YES;
				CLANG_WARN_EMPTY_BODY = YES;
				CLANG_WARN_ENUM_CONVERSION = YES;
				CLANG_WARN_INFINITE_RECURSION = YES;
				CLANG_WARN_INT_CONVERSION = YES;
				CLANG_WARN_NON_LITERAL_NULL_CONVERSION = YES;
				CLANG_WARN_OBJC_IMPLICIT_RETAIN_SELF = YES;
				CLANG_WARN_OBJC_LITERAL_CONVERSION = YES;
				CLANG_WARN_OBJC_ROOT_CLASS = YES_ERROR;
				CLANG_WARN_QUOTED_INCLUDE_IN_FRAMEWORK_HEADER = YES;
				CLANG_WARN_RANGE_LOOP_ANALYSIS = YES;
				CLANG_WARN_STRICT_PROTOTYPES = YES;
				CLANG_WARN_SUSPICIOUS_MOVE = YES;
				CLANG_WARN_UNGUARDED_AVAILABILITY = YES_AGGRESSIVE;
				CLANG_WARN_UNREACHABLE_CODE = YES;
				CLANG_WARN__DUPLICATE_METHOD_MATCH = YES;
				COPY_PHASE_STRIP = NO;
				DEBUG_INFORMATION_FORMAT = "dwarf-with-dsym";
				ENABLE_NS_ASSERTIONS = NO;
				ENABLE_STRICT_OBJC_MSGSEND = YES;
				GCC_C_LANGUAGE_STANDARD = gnu11;
				GCC_NO_COMMON_BLOCKS = YES;
				GCC_WARN_64_TO_32_BIT_CONVERSION = YES;
				GCC_WARN_ABOUT_RETURN_TYPE = YES_ERROR;
				GCC_WARN_UNDECLARED_SELECTOR = YES;
				GCC_WARN_UNINITIALIZED_AUTOS = YES_AGGRESSIVE;
				GCC_WARN_UNUSED_FUNCTION = YES;
				GCC_WARN_UNUSED_VARIABLE = YES;
				IPHONEOS_DEPLOYMENT_TARGET = 16.4;
				MTL_ENABLE_DEBUG_INFO = NO;
				MTL_FAST_MATH = YES;
				SDKROOT = iphoneos;
				SWIFT_COMPILATION_MODE = wholemodule;
				SWIFT_OPTIMIZATION_LEVEL = "-O";
				VALIDATE_PRODUCT = YES;
			};
			name = Release;
		};
		0FE02DAA29F17EB3000C3596 /* Debug */ = {
			isa = XCBuildConfiguration;
			buildSettings = {
				ASSETCATALOG_COMPILER_APPICON_NAME = AppIcon;
				ASSETCATALOG_COMPILER_GLOBAL_ACCENT_COLOR_NAME = AccentColor;
				CODE_SIGN_STYLE = Automatic;
				CURRENT_PROJECT_VERSION = 1;
				DEVELOPMENT_TEAM = 5AZLB7LVQ2;
				GENERATE_INFOPLIST_FILE = YES;
				INFOPLIST_FILE = ApiProject/Info.plist;
				INFOPLIST_KEY_UIApplicationSupportsIndirectInputEvents = YES;
				INFOPLIST_KEY_UILaunchStoryboardName = LaunchScreen;
				INFOPLIST_KEY_UIMainStoryboardFile = Main;
				INFOPLIST_KEY_UISupportedInterfaceOrientations_iPad = "UIInterfaceOrientationPortrait UIInterfaceOrientationPortraitUpsideDown UIInterfaceOrientationLandscapeLeft UIInterfaceOrientationLandscapeRight";
				INFOPLIST_KEY_UISupportedInterfaceOrientations_iPhone = "UIInterfaceOrientationPortrait UIInterfaceOrientationLandscapeLeft UIInterfaceOrientationLandscapeRight";
				LD_RUNPATH_SEARCH_PATHS = (
					"$(inherited)",
					"@executable_path/Frameworks",
				);
				MARKETING_VERSION = 1.0;
				PRODUCT_BUNDLE_IDENTIFIER = "kole-company.ApiProject";
				PRODUCT_NAME = "$(TARGET_NAME)";
				SWIFT_EMIT_LOC_STRINGS = YES;
				SWIFT_VERSION = 5.0;
				TARGETED_DEVICE_FAMILY = "1,2";
			};
			name = Debug;
		};
		0FE02DAB29F17EB3000C3596 /* Release */ = {
			isa = XCBuildConfiguration;
			buildSettings = {
				ASSETCATALOG_COMPILER_APPICON_NAME = AppIcon;
				ASSETCATALOG_COMPILER_GLOBAL_ACCENT_COLOR_NAME = AccentColor;
				CODE_SIGN_STYLE = Automatic;
				CURRENT_PROJECT_VERSION = 1;
				DEVELOPMENT_TEAM = 5AZLB7LVQ2;
				GENERATE_INFOPLIST_FILE = YES;
				INFOPLIST_FILE = ApiProject/Info.plist;
				INFOPLIST_KEY_UIApplicationSupportsIndirectInputEvents = YES;
				INFOPLIST_KEY_UILaunchStoryboardName = LaunchScreen;
				INFOPLIST_KEY_UIMainStoryboardFile = Main;
				INFOPLIST_KEY_UISupportedInterfaceOrientations_iPad = "UIInterfaceOrientationPortrait UIInterfaceOrientationPortraitUpsideDown UIInterfaceOrientationLandscapeLeft UIInterfaceOrientationLandscapeRight";
				INFOPLIST_KEY_UISupportedInterfaceOrientations_iPhone = "UIInterfaceOrientationPortrait UIInterfaceOrientationLandscapeLeft UIInterfaceOrientationLandscapeRight";
				LD_RUNPATH_SEARCH_PATHS = (
					"$(inherited)",
					"@executable_path/Frameworks",
				);
				MARKETING_VERSION = 1.0;
				PRODUCT_BUNDLE_IDENTIFIER = "kole-company.ApiProject";
				PRODUCT_NAME = "$(TARGET_NAME)";
				SWIFT_EMIT_LOC_STRINGS = YES;
				SWIFT_VERSION = 5.0;
				TARGETED_DEVICE_FAMILY = "1,2";
			};
			name = Release;
		};
/* End XCBuildConfiguration section */

/* Begin XCConfigurationList section */
		0FE02D9029F17EB2000C3596 /* Build configuration list for PBXProject "ApiProject" */ = {
			isa = XCConfigurationList;
			buildConfigurations = (
				0FE02DA729F17EB3000C3596 /* Debug */,
				0FE02DA829F17EB3000C3596 /* Release */,
			);
			defaultConfigurationIsVisible = 0;
			defaultConfigurationName = Release;
		};
		0FE02DA929F17EB3000C3596 /* Build configuration list for PBXNativeTarget "ApiProject" */ = {
			isa = XCConfigurationList;
			buildConfigurations = (
				0FE02DAA29F17EB3000C3596 /* Debug */,
				0FE02DAB29F17EB3000C3596 /* Release */,
			);
			defaultConfigurationIsVisible = 0;
			defaultConfigurationName = Release;
		};
/* End XCConfigurationList section */
	};
	rootObject = 0FE02D8D29F17EB2000C3596 /* Project object */;
}
